{
  "name": "chess-analyzer",
  "lockfileVersion": 2,
  "requires": true,
  "packages": {
    "": {
      "dependencies": {
        "chess.js": "^1.1.0"
      }
    },
    "node_modules/chess.js": {
      "version": "1.1.0",
      "resolved": "https://registry.npmjs.org/chess.js/-/chess.js-1.1.0.tgz",
      "integrity": "sha512-IfdeaJnpdU1LddIenp36O7Fz19nIxk3x4cznwo2Qf25T1XSeP85XRBrjWUsSpk1RpDeXdijraoLxXt3PCaudVg=="
    }
  },
  "dependencies": {
    "chess.js": {
      "version": "1.1.0",
      "resolved": "https://registry.npmjs.org/chess.js/-/chess.js-1.1.0.tgz",
      "integrity": "sha512-IfdeaJnpdU1LddIenp36O7Fz19nIxk3x4cznwo2Qf25T1XSeP85XRBrjWUsSpk1RpDeXdijraoLxXt3PCaudVg=="
    }
  }
}
